DEPENDENCIES
  rbenv-install-rubies
  td-agent

GRAPH
  apt (2.7.0)
  build-essential (2.2.3)
  chef_handler (1.1.6)
  dmg (2.2.2)
  git (4.2.0)
    build-essential (>= 0.0.0)
    dmg (>= 0.0.0)
    windows (>= 0.0.0)
    yum-epel (>= 0.0.0)
  ohai (2.0.1)
  rbenv (1.7.1)
    apt (>= 0.0.0)
    build-essential (>= 0.0.0)
    git (>= 0.0.0)
    ohai (>= 1.1)
  rbenv-install-rubies (0.2.1)
    rbenv (>= 0.0.0)
  td-agent (2.0.1)
    apt (>= 0.0.0)
    yum (>= 0.0.0)
  windows (1.36.6)
    chef_handler (>= 0.0.0)
  yum (3.5.4)
  yum-epel (0.6.0)
    yum (~> 3.0)
